
Microsoft Visual Studio Solution File, Format Version 12.00
# Visual Studio Version 17
VisualStudioVersion = 17.9.34728.123
MinimumVisualStudioVersion = 10.0.40219.1
Project("{9A19103F-16F7-4668-BE54-9A1E7A4F7556}") = "ConsoleApp", "ConsoleApp\ConsoleApp.csproj", "{CDD4A73A-FDAA-4E39-B31D-464FF05E8253}"
EndProject
Project("{9A19103F-16F7-4668-BE54-9A1E7A4F7556}") = "TestLetterService", "TestLetterService\TestLetterService.csproj", "{50E4D95F-1918-42F6-A143-A7C6D3B1257C}"
EndProject
Global
	GlobalSection(SolutionConfigurationPlatforms) = preSolution
		Debug|Any CPU = Debug|Any CPU
		Release|Any CPU = Release|Any CPU
	EndGlobalSection
	GlobalSection(ProjectConfigurationPlatforms) = postSolution
		{CDD4A73A-FDAA-4E39-B31D-464FF05E8253}.Debug|Any CPU.ActiveCfg = Debug|Any CPU
		{CDD4A73A-FDAA-4E39-B31D-464FF05E8253}.Debug|Any CPU.Build.0 = Debug|Any CPU
		{CDD4A73A-FDAA-4E39-B31D-464FF05E8253}.Release|Any CPU.ActiveCfg = Release|Any CPU
		{CDD4A73A-FDAA-4E39-B31D-464FF05E8253}.Release|Any CPU.Build.0 = Release|Any CPU
		{50E4D95F-1918-42F6-A143-A7C6D3B1257C}.Debug|Any CPU.ActiveCfg = Debug|Any CPU
		{50E4D95F-1918-42F6-A143-A7C6D3B1257C}.Debug|Any CPU.Build.0 = Debug|Any CPU
		{50E4D95F-1918-42F6-A143-A7C6D3B1257C}.Release|Any CPU.ActiveCfg = Release|Any CPU
		{50E4D95F-1918-42F6-A143-A7C6D3B1257C}.Release|Any CPU.Build.0 = Release|Any CPU
	EndGlobalSection
	GlobalSection(SolutionProperties) = preSolution
		HideSolutionNode = FALSE
	EndGlobalSection
	GlobalSection(ExtensibilityGlobals) = postSolution
		SolutionGuid = {BF747644-F955-419C-9EE1-80CB43BD0A2E}
	EndGlobalSection
EndGlobal
